Microsoft Visual Studio Solution File, Format Version 12.00
# Visual Studio Version 17
VisualStudioVersion = 17.5.2.0
MinimumVisualStudioVersion = 10.0.40219.1
Project("{2150E333-8FDC-42A3-9474-1A3956D46DE8}") = "lab2", "lab2", "{5C42C7CA-ADAE-0159-8BF5-5EB6C7A325EF}"
EndProject
Project("{FAE04EC0-301F-11D3-BF4B-00C04F79EFBC}") = "Part1_Interfaces", "lab2\Part1_Interfaces\Part1_Interfaces.csproj", "{E8963B94-858C-F19E-64A2-E25A58324CE9}"
EndProject
Project("{FAE04EC0-301F-11D3-BF4B-00C04F79EFBC}") = "Part2_Repository", "lab2\Part2_Repository\Part2_Repository.csproj", "{488F28C0-AC65-7A71-5025-6EBC36E1A308}"
EndProject
Global
	GlobalSection(SolutionConfigurationPlatforms) = preSolution
		Debug|Any CPU = Debug|Any CPU
		Release|Any CPU = Release|Any CPU
	EndGlobalSection
	GlobalSection(ProjectConfigurationPlatforms) = postSolution
		{E8963B94-858C-F19E-64A2-E25A58324CE9}.Debug|Any CPU.ActiveCfg = Debug|Any CPU
		{E8963B94-858C-F19E-64A2-E25A58324CE9}.Debug|Any CPU.Build.0 = Debug|Any CPU
		{E8963B94-858C-F19E-64A2-E25A58324CE9}.Release|Any CPU.ActiveCfg = Release|Any CPU
		{E8963B94-858C-F19E-64A2-E25A58324CE9}.Release|Any CPU.Build.0 = Release|Any CPU
		{488F28C0-AC65-7A71-5025-6EBC36E1A308}.Debug|Any CPU.ActiveCfg = Debug|Any CPU
		{488F28C0-AC65-7A71-5025-6EBC36E1A308}.Debug|Any CPU.Build.0 = Debug|Any CPU
		{488F28C0-AC65-7A71-5025-6EBC36E1A308}.Release|Any CPU.ActiveCfg = Release|Any CPU
		{488F28C0-AC65-7A71-5025-6EBC36E1A308}.Release|Any CPU.Build.0 = Release|Any CPU
	EndGlobalSection
	GlobalSection(SolutionProperties) = preSolution
		HideSolutionNode = FALSE
	EndGlobalSection
	GlobalSection(NestedProjects) = preSolution
		{E8963B94-858C-F19E-64A2-E25A58324CE9} = {5C42C7CA-ADAE-0159-8BF5-5EB6C7A325EF}
		{488F28C0-AC65-7A71-5025-6EBC36E1A308} = {5C42C7CA-ADAE-0159-8BF5-5EB6C7A325EF}
	EndGlobalSection
	GlobalSection(ExtensibilityGlobals) = postSolution
		SolutionGuid = {E9D6CE05-7B4C-4E33-A414-882041E2F500}
	EndGlobalSection
EndGlobal
